
Microsoft Visual Studio Solution File, Format Version 12.00
# Visual Studio Version 16
VisualStudioVersion = 16.0.30413.136
MinimumVisualStudioVersion = 10.0.40219.1
Project("{FAE04EC0-301F-11D3-BF4B-00C04F79EFBC}") = "Task1", "Task1\Task1.csproj", "{28870E99-1C7C-4D54-91DF-60B3BE910406}"
EndProject
Project("{FAE04EC0-301F-11D3-BF4B-00C04F79EFBC}") = "Task2", "Task2\Task2.csproj", "{08E718D3-948B-4912-A76B-99F151D3C80D}"
EndProject
Global
	GlobalSection(SolutionConfigurationPlatforms) = preSolution
		Debug|Any CPU = Debug|Any CPU
		Release|Any CPU = Release|Any CPU
	EndGlobalSection
	GlobalSection(ProjectConfigurationPlatforms) = postSolution
		{28870E99-1C7C-4D54-91DF-60B3BE910406}.Debug|Any CPU.ActiveCfg = Debug|Any CPU
		{28870E99-1C7C-4D54-91DF-60B3BE910406}.Debug|Any CPU.Build.0 = Debug|Any CPU
		{28870E99-1C7C-4D54-91DF-60B3BE910406}.Release|Any CPU.ActiveCfg = Release|Any CPU
		{28870E99-1C7C-4D54-91DF-60B3BE910406}.Release|Any CPU.Build.0 = Release|Any CPU
		{08E718D3-948B-4912-A76B-99F151D3C80D}.Debug|Any CPU.ActiveCfg = Debug|Any CPU
		{08E718D3-948B-4912-A76B-99F151D3C80D}.Debug|Any CPU.Build.0 = Debug|Any CPU
		{08E718D3-948B-4912-A76B-99F151D3C80D}.Release|Any CPU.ActiveCfg = Release|Any CPU
		{08E718D3-948B-4912-A76B-99F151D3C80D}.Release|Any CPU.Build.0 = Release|Any CPU
	EndGlobalSection
	GlobalSection(SolutionProperties) = preSolution
		HideSolutionNode = FALSE
	EndGlobalSection
	GlobalSection(ExtensibilityGlobals) = postSolution
		SolutionGuid = {CC5300D5-FB7E-4374-AC95-B3D31198C925}
	EndGlobalSection
EndGlobal
