
Microsoft Visual Studio Solution File, Format Version 12.00
# Visual Studio Version 16
VisualStudioVersion = 16.0.30413.136
MinimumVisualStudioVersion = 10.0.40219.1
Project("{FAE04EC0-301F-11D3-BF4B-00C04F79EFBC}") = "Task3", "Task3\Task3.csproj", "{DB03D039-3977-456F-8280-5F9453B04C8E}"
EndProject
Project("{FAE04EC0-301F-11D3-BF4B-00C04F79EFBC}") = "Task4", "Task4\Task4.csproj", "{AF708E3A-51B1-40E6-ACD0-6BB3A6F41DF6}"
EndProject
Global
	GlobalSection(SolutionConfigurationPlatforms) = preSolution
		Debug|Any CPU = Debug|Any CPU
		Release|Any CPU = Release|Any CPU
	EndGlobalSection
	GlobalSection(ProjectConfigurationPlatforms) = postSolution
		{DB03D039-3977-456F-8280-5F9453B04C8E}.Debug|Any CPU.ActiveCfg = Debug|Any CPU
		{DB03D039-3977-456F-8280-5F9453B04C8E}.Debug|Any CPU.Build.0 = Debug|Any CPU
		{DB03D039-3977-456F-8280-5F9453B04C8E}.Release|Any CPU.ActiveCfg = Release|Any CPU
		{DB03D039-3977-456F-8280-5F9453B04C8E}.Release|Any CPU.Build.0 = Release|Any CPU
		{AF708E3A-51B1-40E6-ACD0-6BB3A6F41DF6}.Debug|Any CPU.ActiveCfg = Debug|Any CPU
		{AF708E3A-51B1-40E6-ACD0-6BB3A6F41DF6}.Debug|Any CPU.Build.0 = Debug|Any CPU
		{AF708E3A-51B1-40E6-ACD0-6BB3A6F41DF6}.Release|Any CPU.ActiveCfg = Release|Any CPU
		{AF708E3A-51B1-40E6-ACD0-6BB3A6F41DF6}.Release|Any CPU.Build.0 = Release|Any CPU
	EndGlobalSection
	GlobalSection(SolutionProperties) = preSolution
		HideSolutionNode = FALSE
	EndGlobalSection
	GlobalSection(ExtensibilityGlobals) = postSolution
		SolutionGuid = {77C29BE2-5737-4581-B2B7-1B4ED2601B92}
	EndGlobalSection
EndGlobal
