
Microsoft Visual Studio Solution File, Format Version 12.00
# Visual Studio Version 16
VisualStudioVersion = 16.0.31229.75
MinimumVisualStudioVersion = 10.0.40219.1
Project("{FAE04EC0-301F-11D3-BF4B-00C04F79EFBC}") = "Task1", "Task2\Task1.csproj", "{230262CA-2971-4AD7-8385-03C4C4771445}"
EndProject
Project("{FAE04EC0-301F-11D3-BF4B-00C04F79EFBC}") = "Task2", "Task2\Task2.csproj", "{499AA3C7-5F44-4011-9BA5-DE9A56E281F4}"
EndProject
Global
	GlobalSection(SolutionConfigurationPlatforms) = preSolution
		Debug|Any CPU = Debug|Any CPU
		Release|Any CPU = Release|Any CPU
	EndGlobalSection
	GlobalSection(ProjectConfigurationPlatforms) = postSolution
		{230262CA-2971-4AD7-8385-03C4C4771445}.Debug|Any CPU.ActiveCfg = Debug|Any CPU
		{230262CA-2971-4AD7-8385-03C4C4771445}.Debug|Any CPU.Build.0 = Debug|Any CPU
		{230262CA-2971-4AD7-8385-03C4C4771445}.Release|Any CPU.ActiveCfg = Release|Any CPU
		{230262CA-2971-4AD7-8385-03C4C4771445}.Release|Any CPU.Build.0 = Release|Any CPU
		{499AA3C7-5F44-4011-9BA5-DE9A56E281F4}.Debug|Any CPU.ActiveCfg = Debug|Any CPU
		{499AA3C7-5F44-4011-9BA5-DE9A56E281F4}.Debug|Any CPU.Build.0 = Debug|Any CPU
		{499AA3C7-5F44-4011-9BA5-DE9A56E281F4}.Release|Any CPU.ActiveCfg = Release|Any CPU
		{499AA3C7-5F44-4011-9BA5-DE9A56E281F4}.Release|Any CPU.Build.0 = Release|Any CPU
	EndGlobalSection
	GlobalSection(SolutionProperties) = preSolution
		HideSolutionNode = FALSE
	EndGlobalSection
	GlobalSection(ExtensibilityGlobals) = postSolution
		SolutionGuid = {D07D1AAE-7FDF-44A9-8736-D6A4D464524B}
	EndGlobalSection
EndGlobal
