
Microsoft Visual Studio Solution File, Format Version 12.00
# Visual Studio Version 16
VisualStudioVersion = 16.0.30413.136
MinimumVisualStudioVersion = 10.0.40219.1
Project("{FAE04EC0-301F-11D3-BF4B-00C04F79EFBC}") = "Task1", "Task1\Task1.csproj", "{65FCCDD0-E097-4442-8A9B-D4912ED36BCC}"
EndProject
Project("{FAE04EC0-301F-11D3-BF4B-00C04F79EFBC}") = "Task2", "Task2\Task2.csproj", "{72C8DCD4-74A8-401C-B702-D1539BE0B2D3}"
EndProject
Global
	GlobalSection(SolutionConfigurationPlatforms) = preSolution
		Debug|Any CPU = Debug|Any CPU
		Release|Any CPU = Release|Any CPU
	EndGlobalSection
	GlobalSection(ProjectConfigurationPlatforms) = postSolution
		{65FCCDD0-E097-4442-8A9B-D4912ED36BCC}.Debug|Any CPU.ActiveCfg = Debug|Any CPU
		{65FCCDD0-E097-4442-8A9B-D4912ED36BCC}.Debug|Any CPU.Build.0 = Debug|Any CPU
		{65FCCDD0-E097-4442-8A9B-D4912ED36BCC}.Release|Any CPU.ActiveCfg = Release|Any CPU
		{65FCCDD0-E097-4442-8A9B-D4912ED36BCC}.Release|Any CPU.Build.0 = Release|Any CPU
		{72C8DCD4-74A8-401C-B702-D1539BE0B2D3}.Debug|Any CPU.ActiveCfg = Debug|Any CPU
		{72C8DCD4-74A8-401C-B702-D1539BE0B2D3}.Debug|Any CPU.Build.0 = Debug|Any CPU
		{72C8DCD4-74A8-401C-B702-D1539BE0B2D3}.Release|Any CPU.ActiveCfg = Release|Any CPU
		{72C8DCD4-74A8-401C-B702-D1539BE0B2D3}.Release|Any CPU.Build.0 = Release|Any CPU
	EndGlobalSection
	GlobalSection(SolutionProperties) = preSolution
		HideSolutionNode = FALSE
	EndGlobalSection
	GlobalSection(ExtensibilityGlobals) = postSolution
		SolutionGuid = {42278D17-EC74-48C5-870C-74CBFEE39AA9}
	EndGlobalSection
EndGlobal
