
Microsoft Visual Studio Solution File, Format Version 12.00
# Visual Studio Version 16
VisualStudioVersion = 16.0.30413.136
MinimumVisualStudioVersion = 10.0.40219.1
Project("{FAE04EC0-301F-11D3-BF4B-00C04F79EFBC}") = "Task1", "Task1\Task1.csproj", "{FBC1B7FB-6563-4F68-8A3C-62C172C42A3D}"
EndProject
Project("{FAE04EC0-301F-11D3-BF4B-00C04F79EFBC}") = "Task2", "Task2\Task2.csproj", "{97E1D975-06FB-419A-9537-2DFB5C37090A}"
EndProject
Global
	GlobalSection(SolutionConfigurationPlatforms) = preSolution
		Debug|Any CPU = Debug|Any CPU
		Release|Any CPU = Release|Any CPU
	EndGlobalSection
	GlobalSection(ProjectConfigurationPlatforms) = postSolution
		{FBC1B7FB-6563-4F68-8A3C-62C172C42A3D}.Debug|Any CPU.ActiveCfg = Debug|Any CPU
		{FBC1B7FB-6563-4F68-8A3C-62C172C42A3D}.Debug|Any CPU.Build.0 = Debug|Any CPU
		{FBC1B7FB-6563-4F68-8A3C-62C172C42A3D}.Release|Any CPU.ActiveCfg = Release|Any CPU
		{FBC1B7FB-6563-4F68-8A3C-62C172C42A3D}.Release|Any CPU.Build.0 = Release|Any CPU
		{97E1D975-06FB-419A-9537-2DFB5C37090A}.Debug|Any CPU.ActiveCfg = Debug|Any CPU
		{97E1D975-06FB-419A-9537-2DFB5C37090A}.Debug|Any CPU.Build.0 = Debug|Any CPU
		{97E1D975-06FB-419A-9537-2DFB5C37090A}.Release|Any CPU.ActiveCfg = Release|Any CPU
		{97E1D975-06FB-419A-9537-2DFB5C37090A}.Release|Any CPU.Build.0 = Release|Any CPU
	EndGlobalSection
	GlobalSection(SolutionProperties) = preSolution
		HideSolutionNode = FALSE
	EndGlobalSection
	GlobalSection(ExtensibilityGlobals) = postSolution
		SolutionGuid = {4F3A63E6-3660-4398-85C0-84291BBD0ED8}
	EndGlobalSection
EndGlobal
