
Microsoft Visual Studio Solution File, Format Version 12.00
# Visual Studio Version 16
VisualStudioVersion = 16.0.30413.136
MinimumVisualStudioVersion = 10.0.40219.1
Project("{FAE04EC0-301F-11D3-BF4B-00C04F79EFBC}") = "Task1", "Task1\Task1.csproj", "{60002C8B-DA8E-4273-8D94-30D5871A1522}"
EndProject
Project("{FAE04EC0-301F-11D3-BF4B-00C04F79EFBC}") = "Task2", "Task2\Task2.csproj", "{64733AF5-EB0D-4EBB-925C-9E8F8ED1D1F2}"
EndProject
Global
	GlobalSection(SolutionConfigurationPlatforms) = preSolution
		Debug|Any CPU = Debug|Any CPU
		Release|Any CPU = Release|Any CPU
	EndGlobalSection
	GlobalSection(ProjectConfigurationPlatforms) = postSolution
		{60002C8B-DA8E-4273-8D94-30D5871A1522}.Debug|Any CPU.ActiveCfg = Debug|Any CPU
		{60002C8B-DA8E-4273-8D94-30D5871A1522}.Debug|Any CPU.Build.0 = Debug|Any CPU
		{60002C8B-DA8E-4273-8D94-30D5871A1522}.Release|Any CPU.ActiveCfg = Release|Any CPU
		{60002C8B-DA8E-4273-8D94-30D5871A1522}.Release|Any CPU.Build.0 = Release|Any CPU
		{64733AF5-EB0D-4EBB-925C-9E8F8ED1D1F2}.Debug|Any CPU.ActiveCfg = Debug|Any CPU
		{64733AF5-EB0D-4EBB-925C-9E8F8ED1D1F2}.Debug|Any CPU.Build.0 = Debug|Any CPU
		{64733AF5-EB0D-4EBB-925C-9E8F8ED1D1F2}.Release|Any CPU.ActiveCfg = Release|Any CPU
		{64733AF5-EB0D-4EBB-925C-9E8F8ED1D1F2}.Release|Any CPU.Build.0 = Release|Any CPU
	EndGlobalSection
	GlobalSection(SolutionProperties) = preSolution
		HideSolutionNode = FALSE
	EndGlobalSection
	GlobalSection(ExtensibilityGlobals) = postSolution
		SolutionGuid = {2D52B99F-38E8-4BAF-B8C0-7D7D58F4B587}
	EndGlobalSection
EndGlobal
