
Microsoft Visual Studio Solution File, Format Version 12.00
# Visual Studio Version 16
VisualStudioVersion = 16.0.30413.136
MinimumVisualStudioVersion = 10.0.40219.1
Project("{FAE04EC0-301F-11D3-BF4B-00C04F79EFBC}") = "Task1", "Task1\Task1.csproj", "{1E9ED55F-1688-4A79-8D06-7FF107DAFA75}"
EndProject
Project("{FAE04EC0-301F-11D3-BF4B-00C04F79EFBC}") = "Task2", "Task2\Task2.csproj", "{A0BBB471-830F-407C-B79F-FD0179029F3A}"
EndProject
Project("{FAE04EC0-301F-11D3-BF4B-00C04F79EFBC}") = "Task4", "Task4\Task4.csproj", "{AD326044-03AE-4A1E-B670-36CC38FCF8AA}"
EndProject
Global
	GlobalSection(SolutionConfigurationPlatforms) = preSolution
		Debug|Any CPU = Debug|Any CPU
		Release|Any CPU = Release|Any CPU
	EndGlobalSection
	GlobalSection(ProjectConfigurationPlatforms) = postSolution
		{1E9ED55F-1688-4A79-8D06-7FF107DAFA75}.Debug|Any CPU.ActiveCfg = Debug|Any CPU
		{1E9ED55F-1688-4A79-8D06-7FF107DAFA75}.Debug|Any CPU.Build.0 = Debug|Any CPU
		{1E9ED55F-1688-4A79-8D06-7FF107DAFA75}.Release|Any CPU.ActiveCfg = Release|Any CPU
		{1E9ED55F-1688-4A79-8D06-7FF107DAFA75}.Release|Any CPU.Build.0 = Release|Any CPU
		{A0BBB471-830F-407C-B79F-FD0179029F3A}.Debug|Any CPU.ActiveCfg = Debug|Any CPU
		{A0BBB471-830F-407C-B79F-FD0179029F3A}.Debug|Any CPU.Build.0 = Debug|Any CPU
		{A0BBB471-830F-407C-B79F-FD0179029F3A}.Release|Any CPU.ActiveCfg = Release|Any CPU
		{A0BBB471-830F-407C-B79F-FD0179029F3A}.Release|Any CPU.Build.0 = Release|Any CPU
		{AD326044-03AE-4A1E-B670-36CC38FCF8AA}.Debug|Any CPU.ActiveCfg = Debug|Any CPU
		{AD326044-03AE-4A1E-B670-36CC38FCF8AA}.Debug|Any CPU.Build.0 = Debug|Any CPU
		{AD326044-03AE-4A1E-B670-36CC38FCF8AA}.Release|Any CPU.ActiveCfg = Release|Any CPU
		{AD326044-03AE-4A1E-B670-36CC38FCF8AA}.Release|Any CPU.Build.0 = Release|Any CPU
	EndGlobalSection
	GlobalSection(SolutionProperties) = preSolution
		HideSolutionNode = FALSE
	EndGlobalSection
	GlobalSection(ExtensibilityGlobals) = postSolution
		SolutionGuid = {54A2132A-378C-4747-9E6D-760CF4B94046}
	EndGlobalSection
EndGlobal
