
Microsoft Visual Studio Solution File, Format Version 12.00
# Visual Studio Version 16
VisualStudioVersion = 16.0.30413.136
MinimumVisualStudioVersion = 10.0.40219.1
Project("{FAE04EC0-301F-11D3-BF4B-00C04F79EFBC}") = "Task9", "Task9\Task9.csproj", "{FD22EB71-F521-447A-8846-E14CE0D75475}"
EndProject
Project("{FAE04EC0-301F-11D3-BF4B-00C04F79EFBC}") = "Task10", "Task10\Task10.csproj", "{45D956D2-F2A1-43A7-BD27-8C8F6F77C8C9}"
EndProject
Project("{FAE04EC0-301F-11D3-BF4B-00C04F79EFBC}") = "Task11", "Task11\Task11.csproj", "{768D77D4-FAF4-4E0F-9FB0-E63A227B3B09}"
EndProject
Global
	GlobalSection(SolutionConfigurationPlatforms) = preSolution
		Debug|Any CPU = Debug|Any CPU
		Release|Any CPU = Release|Any CPU
	EndGlobalSection
	GlobalSection(ProjectConfigurationPlatforms) = postSolution
		{FD22EB71-F521-447A-8846-E14CE0D75475}.Debug|Any CPU.ActiveCfg = Debug|Any CPU
		{FD22EB71-F521-447A-8846-E14CE0D75475}.Debug|Any CPU.Build.0 = Debug|Any CPU
		{FD22EB71-F521-447A-8846-E14CE0D75475}.Release|Any CPU.ActiveCfg = Release|Any CPU
		{FD22EB71-F521-447A-8846-E14CE0D75475}.Release|Any CPU.Build.0 = Release|Any CPU
		{45D956D2-F2A1-43A7-BD27-8C8F6F77C8C9}.Debug|Any CPU.ActiveCfg = Debug|Any CPU
		{45D956D2-F2A1-43A7-BD27-8C8F6F77C8C9}.Debug|Any CPU.Build.0 = Debug|Any CPU
		{45D956D2-F2A1-43A7-BD27-8C8F6F77C8C9}.Release|Any CPU.ActiveCfg = Release|Any CPU
		{45D956D2-F2A1-43A7-BD27-8C8F6F77C8C9}.Release|Any CPU.Build.0 = Release|Any CPU
		{768D77D4-FAF4-4E0F-9FB0-E63A227B3B09}.Debug|Any CPU.ActiveCfg = Debug|Any CPU
		{768D77D4-FAF4-4E0F-9FB0-E63A227B3B09}.Debug|Any CPU.Build.0 = Debug|Any CPU
		{768D77D4-FAF4-4E0F-9FB0-E63A227B3B09}.Release|Any CPU.ActiveCfg = Release|Any CPU
		{768D77D4-FAF4-4E0F-9FB0-E63A227B3B09}.Release|Any CPU.Build.0 = Release|Any CPU
	EndGlobalSection
	GlobalSection(SolutionProperties) = preSolution
		HideSolutionNode = FALSE
	EndGlobalSection
	GlobalSection(ExtensibilityGlobals) = postSolution
		SolutionGuid = {B45E6F08-3B67-444B-9DA5-6C2222BB8911}
	EndGlobalSection
EndGlobal
