
Microsoft Visual Studio Solution File, Format Version 12.00
# Visual Studio Version 16
VisualStudioVersion = 16.0.30413.136
MinimumVisualStudioVersion = 10.0.40219.1
Project("{9A19103F-16F7-4668-BE54-9A1E7A4F7556}") = "Task4_1.1", "HW6\Task4_1.1.csproj", "{A0F64528-CD8D-4D5A-B29F-686171D46A43}"
EndProject
Project("{9A19103F-16F7-4668-BE54-9A1E7A4F7556}") = "Task3_9", "Task3_9\Task3_9.csproj", "{A51E9052-ABF2-44FF-A96F-373EC9C88652}"
EndProject
Project("{9A19103F-16F7-4668-BE54-9A1E7A4F7556}") = "Task3_11", "Task3_11\Task3_11.csproj", "{5BF1688D-9B78-4A9D-B17E-27B948546425}"
EndProject
Project("{9A19103F-16F7-4668-BE54-9A1E7A4F7556}") = "Task3_13", "Task3_13\Task3_13.csproj", "{52C39DC0-B543-47D3-8D42-DDEB76A880C0}"
EndProject
Project("{9A19103F-16F7-4668-BE54-9A1E7A4F7556}") = "Task3_16", "Task3_16\Task3_16.csproj", "{12351992-A9AF-4F81-8A1B-805DDA27497A}"
EndProject
Project("{9A19103F-16F7-4668-BE54-9A1E7A4F7556}") = "Task3_20", "Task3_20\Task3_20.csproj", "{A2477F2A-9051-47E4-B316-76DB25A220DC}"
EndProject
Project("{9A19103F-16F7-4668-BE54-9A1E7A4F7556}") = "Task4_1.2", "Task4_1.2\Task4_1.2.csproj", "{3C5D01D3-073C-4438-B39E-268414B16245}"
EndProject
Project("{9A19103F-16F7-4668-BE54-9A1E7A4F7556}") = "Task4_1.3", "Task4_1.3\Task4_1.3.csproj", "{30F0F5AD-1A3F-496C-AEDF-9965E2373C1F}"
EndProject
Project("{9A19103F-16F7-4668-BE54-9A1E7A4F7556}") = "Task4_2", "Task4_2\Task4_2.csproj", "{4C7C8934-B7FD-4A49-BD86-5592AE528B6C}"
EndProject
Project("{9A19103F-16F7-4668-BE54-9A1E7A4F7556}") = "Task4_3", "Task4_3\Task4_3.csproj", "{DCFC18A5-565E-454B-9AF7-8ABAA9ED3BB4}"
EndProject
Project("{9A19103F-16F7-4668-BE54-9A1E7A4F7556}") = "Task4_4", "Task4_4\Task4_4.csproj", "{3BC1F92F-7648-49F1-AD8B-1D2C80E7FB9D}"
EndProject
Project("{FAE04EC0-301F-11D3-BF4B-00C04F79EFBC}") = "Task4_5", "Task4_5\Task4_5.csproj", "{396042AD-7DB1-4329-B2DE-68CDD0762C7E}"
EndProject
Project("{FAE04EC0-301F-11D3-BF4B-00C04F79EFBC}") = "Task4_6", "Task4_6\Task4_6.csproj", "{FFA93A7D-1873-4632-8545-4B0E5D23B8D5}"
EndProject
Global
	GlobalSection(SolutionConfigurationPlatforms) = preSolution
		Debug|Any CPU = Debug|Any CPU
		Release|Any CPU = Release|Any CPU
	EndGlobalSection
	GlobalSection(ProjectConfigurationPlatforms) = postSolution
		{A0F64528-CD8D-4D5A-B29F-686171D46A43}.Debug|Any CPU.ActiveCfg = Debug|Any CPU
		{A0F64528-CD8D-4D5A-B29F-686171D46A43}.Debug|Any CPU.Build.0 = Debug|Any CPU
		{A0F64528-CD8D-4D5A-B29F-686171D46A43}.Release|Any CPU.ActiveCfg = Release|Any CPU
		{A0F64528-CD8D-4D5A-B29F-686171D46A43}.Release|Any CPU.Build.0 = Release|Any CPU
		{A51E9052-ABF2-44FF-A96F-373EC9C88652}.Debug|Any CPU.ActiveCfg = Debug|Any CPU
		{A51E9052-ABF2-44FF-A96F-373EC9C88652}.Debug|Any CPU.Build.0 = Debug|Any CPU
		{A51E9052-ABF2-44FF-A96F-373EC9C88652}.Release|Any CPU.ActiveCfg = Release|Any CPU
		{A51E9052-ABF2-44FF-A96F-373EC9C88652}.Release|Any CPU.Build.0 = Release|Any CPU
		{5BF1688D-9B78-4A9D-B17E-27B948546425}.Debug|Any CPU.ActiveCfg = Debug|Any CPU
		{5BF1688D-9B78-4A9D-B17E-27B948546425}.Debug|Any CPU.Build.0 = Debug|Any CPU
		{5BF1688D-9B78-4A9D-B17E-27B948546425}.Release|Any CPU.ActiveCfg = Release|Any CPU
		{5BF1688D-9B78-4A9D-B17E-27B948546425}.Release|Any CPU.Build.0 = Release|Any CPU
		{52C39DC0-B543-47D3-8D42-DDEB76A880C0}.Debug|Any CPU.ActiveCfg = Debug|Any CPU
		{52C39DC0-B543-47D3-8D42-DDEB76A880C0}.Debug|Any CPU.Build.0 = Debug|Any CPU
		{52C39DC0-B543-47D3-8D42-DDEB76A880C0}.Release|Any CPU.ActiveCfg = Release|Any CPU
		{52C39DC0-B543-47D3-8D42-DDEB76A880C0}.Release|Any CPU.Build.0 = Release|Any CPU
		{12351992-A9AF-4F81-8A1B-805DDA27497A}.Debug|Any CPU.ActiveCfg = Debug|Any CPU
		{12351992-A9AF-4F81-8A1B-805DDA27497A}.Debug|Any CPU.Build.0 = Debug|Any CPU
		{12351992-A9AF-4F81-8A1B-805DDA27497A}.Release|Any CPU.ActiveCfg = Release|Any CPU
		{12351992-A9AF-4F81-8A1B-805DDA27497A}.Release|Any CPU.Build.0 = Release|Any CPU
		{A2477F2A-9051-47E4-B316-76DB25A220DC}.Debug|Any CPU.ActiveCfg = Debug|Any CPU
		{A2477F2A-9051-47E4-B316-76DB25A220DC}.Debug|Any CPU.Build.0 = Debug|Any CPU
		{A2477F2A-9051-47E4-B316-76DB25A220DC}.Release|Any CPU.ActiveCfg = Release|Any CPU
		{A2477F2A-9051-47E4-B316-76DB25A220DC}.Release|Any CPU.Build.0 = Release|Any CPU
		{3C5D01D3-073C-4438-B39E-268414B16245}.Debug|Any CPU.ActiveCfg = Debug|Any CPU
		{3C5D01D3-073C-4438-B39E-268414B16245}.Debug|Any CPU.Build.0 = Debug|Any CPU
		{3C5D01D3-073C-4438-B39E-268414B16245}.Release|Any CPU.ActiveCfg = Release|Any CPU
		{3C5D01D3-073C-4438-B39E-268414B16245}.Release|Any CPU.Build.0 = Release|Any CPU
		{30F0F5AD-1A3F-496C-AEDF-9965E2373C1F}.Debug|Any CPU.ActiveCfg = Debug|Any CPU
		{30F0F5AD-1A3F-496C-AEDF-9965E2373C1F}.Debug|Any CPU.Build.0 = Debug|Any CPU
		{30F0F5AD-1A3F-496C-AEDF-9965E2373C1F}.Release|Any CPU.ActiveCfg = Release|Any CPU
		{30F0F5AD-1A3F-496C-AEDF-9965E2373C1F}.Release|Any CPU.Build.0 = Release|Any CPU
		{4C7C8934-B7FD-4A49-BD86-5592AE528B6C}.Debug|Any CPU.ActiveCfg = Debug|Any CPU
		{4C7C8934-B7FD-4A49-BD86-5592AE528B6C}.Debug|Any CPU.Build.0 = Debug|Any CPU
		{4C7C8934-B7FD-4A49-BD86-5592AE528B6C}.Release|Any CPU.ActiveCfg = Release|Any CPU
		{4C7C8934-B7FD-4A49-BD86-5592AE528B6C}.Release|Any CPU.Build.0 = Release|Any CPU
		{DCFC18A5-565E-454B-9AF7-8ABAA9ED3BB4}.Debug|Any CPU.ActiveCfg = Debug|Any CPU
		{DCFC18A5-565E-454B-9AF7-8ABAA9ED3BB4}.Debug|Any CPU.Build.0 = Debug|Any CPU
		{DCFC18A5-565E-454B-9AF7-8ABAA9ED3BB4}.Release|Any CPU.ActiveCfg = Release|Any CPU
		{DCFC18A5-565E-454B-9AF7-8ABAA9ED3BB4}.Release|Any CPU.Build.0 = Release|Any CPU
		{3BC1F92F-7648-49F1-AD8B-1D2C80E7FB9D}.Debug|Any CPU.ActiveCfg = Debug|Any CPU
		{3BC1F92F-7648-49F1-AD8B-1D2C80E7FB9D}.Debug|Any CPU.Build.0 = Debug|Any CPU
		{3BC1F92F-7648-49F1-AD8B-1D2C80E7FB9D}.Release|Any CPU.ActiveCfg = Release|Any CPU
		{3BC1F92F-7648-49F1-AD8B-1D2C80E7FB9D}.Release|Any CPU.Build.0 = Release|Any CPU
		{396042AD-7DB1-4329-B2DE-68CDD0762C7E}.Debug|Any CPU.ActiveCfg = Debug|Any CPU
		{396042AD-7DB1-4329-B2DE-68CDD0762C7E}.Debug|Any CPU.Build.0 = Debug|Any CPU
		{396042AD-7DB1-4329-B2DE-68CDD0762C7E}.Release|Any CPU.ActiveCfg = Release|Any CPU
		{396042AD-7DB1-4329-B2DE-68CDD0762C7E}.Release|Any CPU.Build.0 = Release|Any CPU
		{FFA93A7D-1873-4632-8545-4B0E5D23B8D5}.Debug|Any CPU.ActiveCfg = Debug|Any CPU
		{FFA93A7D-1873-4632-8545-4B0E5D23B8D5}.Debug|Any CPU.Build.0 = Debug|Any CPU
		{FFA93A7D-1873-4632-8545-4B0E5D23B8D5}.Release|Any CPU.ActiveCfg = Release|Any CPU
		{FFA93A7D-1873-4632-8545-4B0E5D23B8D5}.Release|Any CPU.Build.0 = Release|Any CPU
	EndGlobalSection
	GlobalSection(SolutionProperties) = preSolution
		HideSolutionNode = FALSE
	EndGlobalSection
	GlobalSection(ExtensibilityGlobals) = postSolution
		SolutionGuid = {011C3072-D329-440A-A77A-49902E8BD715}
	EndGlobalSection
EndGlobal
