
Microsoft Visual Studio Solution File, Format Version 12.00
# Visual Studio Version 16
VisualStudioVersion = 16.0.30413.136
MinimumVisualStudioVersion = 10.0.40219.1
Project("{FAE04EC0-301F-11D3-BF4B-00C04F79EFBC}") = "Task4", "Task4\Task4.csproj", "{B13AA1CB-C266-4B22-B6D3-6C7039D5D6CA}"
EndProject
Project("{FAE04EC0-301F-11D3-BF4B-00C04F79EFBC}") = "Task5", "Task5\Task5.csproj", "{D836FBB0-DF23-40F5-A4FC-2B2DF3E0DF9B}"
EndProject
Project("{FAE04EC0-301F-11D3-BF4B-00C04F79EFBC}") = "Task9", "Task9\Task9.csproj", "{1A4D3D96-5282-4739-864B-3A0B633BDAA5}"
EndProject
Global
	GlobalSection(SolutionConfigurationPlatforms) = preSolution
		Debug|Any CPU = Debug|Any CPU
		Release|Any CPU = Release|Any CPU
	EndGlobalSection
	GlobalSection(ProjectConfigurationPlatforms) = postSolution
		{B13AA1CB-C266-4B22-B6D3-6C7039D5D6CA}.Debug|Any CPU.ActiveCfg = Debug|Any CPU
		{B13AA1CB-C266-4B22-B6D3-6C7039D5D6CA}.Debug|Any CPU.Build.0 = Debug|Any CPU
		{B13AA1CB-C266-4B22-B6D3-6C7039D5D6CA}.Release|Any CPU.ActiveCfg = Release|Any CPU
		{B13AA1CB-C266-4B22-B6D3-6C7039D5D6CA}.Release|Any CPU.Build.0 = Release|Any CPU
		{D836FBB0-DF23-40F5-A4FC-2B2DF3E0DF9B}.Debug|Any CPU.ActiveCfg = Debug|Any CPU
		{D836FBB0-DF23-40F5-A4FC-2B2DF3E0DF9B}.Debug|Any CPU.Build.0 = Debug|Any CPU
		{D836FBB0-DF23-40F5-A4FC-2B2DF3E0DF9B}.Release|Any CPU.ActiveCfg = Release|Any CPU
		{D836FBB0-DF23-40F5-A4FC-2B2DF3E0DF9B}.Release|Any CPU.Build.0 = Release|Any CPU
		{1A4D3D96-5282-4739-864B-3A0B633BDAA5}.Debug|Any CPU.ActiveCfg = Debug|Any CPU
		{1A4D3D96-5282-4739-864B-3A0B633BDAA5}.Debug|Any CPU.Build.0 = Debug|Any CPU
		{1A4D3D96-5282-4739-864B-3A0B633BDAA5}.Release|Any CPU.ActiveCfg = Release|Any CPU
		{1A4D3D96-5282-4739-864B-3A0B633BDAA5}.Release|Any CPU.Build.0 = Release|Any CPU
	EndGlobalSection
	GlobalSection(SolutionProperties) = preSolution
		HideSolutionNode = FALSE
	EndGlobalSection
	GlobalSection(ExtensibilityGlobals) = postSolution
		SolutionGuid = {6E24EA6A-1385-4C15-900F-F5CEB0FB0094}
	EndGlobalSection
EndGlobal
