
Microsoft Visual Studio Solution File, Format Version 12.00
# Visual Studio Version 16
VisualStudioVersion = 16.0.30413.136
MinimumVisualStudioVersion = 10.0.40219.1
Project("{FAE04EC0-301F-11D3-BF4B-00C04F79EFBC}") = "Task1", "Task1\Task1.csproj", "{AAC2EC25-2C7D-4611-A938-6149FE856656}"
EndProject
Global
	GlobalSection(SolutionConfigurationPlatforms) = preSolution
		Debug|Any CPU = Debug|Any CPU
		Release|Any CPU = Release|Any CPU
	EndGlobalSection
	GlobalSection(ProjectConfigurationPlatforms) = postSolution
		{AAC2EC25-2C7D-4611-A938-6149FE856656}.Debug|Any CPU.ActiveCfg = Debug|Any CPU
		{AAC2EC25-2C7D-4611-A938-6149FE856656}.Debug|Any CPU.Build.0 = Debug|Any CPU
		{AAC2EC25-2C7D-4611-A938-6149FE856656}.Release|Any CPU.ActiveCfg = Release|Any CPU
		{AAC2EC25-2C7D-4611-A938-6149FE856656}.Release|Any CPU.Build.0 = Release|Any CPU
	EndGlobalSection
	GlobalSection(SolutionProperties) = preSolution
		HideSolutionNode = FALSE
	EndGlobalSection
	GlobalSection(ExtensibilityGlobals) = postSolution
		SolutionGuid = {B94BE0DC-122B-4924-96CD-97F2C1C47058}
	EndGlobalSection
EndGlobal
